
Microsoft Visual Studio Solution File, Format Version 12.00
# Visual Studio Version 17
VisualStudioVersion = 17.1.32210.238
MinimumVisualStudioVersion = 10.0.40219.1
Project("{FAE04EC0-301F-11D3-BF4B-00C04F79EFBC}") = "WEXtesting", "WEXtesting.csproj", "{C682EB38-3370-4603-933E-98076209AD00}"
EndProject
Project("{FAE04EC0-301F-11D3-BF4B-00C04F79EFBC}") = "Test", "..\Test\Test.csproj", "{591036DE-8FB4-430E-84D3-6EB6F7596FA5}"
EndProject
Global
	GlobalSection(SolutionConfigurationPlatforms) = preSolution
		Debug|Any CPU = Debug|Any CPU
		Release|Any CPU = Release|Any CPU
	EndGlobalSection
	GlobalSection(ProjectConfigurationPlatforms) = postSolution
		{C682EB38-3370-4603-933E-98076209AD00}.Debug|Any CPU.ActiveCfg = Debug|Any CPU
		{C682EB38-3370-4603-933E-98076209AD00}.Debug|Any CPU.Build.0 = Debug|Any CPU
		{C682EB38-3370-4603-933E-98076209AD00}.Release|Any CPU.ActiveCfg = Release|Any CPU
		{C682EB38-3370-4603-933E-98076209AD00}.Release|Any CPU.Build.0 = Release|Any CPU
		{591036DE-8FB4-430E-84D3-6EB6F7596FA5}.Debug|Any CPU.ActiveCfg = Debug|Any CPU
		{591036DE-8FB4-430E-84D3-6EB6F7596FA5}.Debug|Any CPU.Build.0 = Debug|Any CPU
		{591036DE-8FB4-430E-84D3-6EB6F7596FA5}.Release|Any CPU.ActiveCfg = Release|Any CPU
		{591036DE-8FB4-430E-84D3-6EB6F7596FA5}.Release|Any CPU.Build.0 = Release|Any CPU
	EndGlobalSection
	GlobalSection(SolutionProperties) = preSolution
		HideSolutionNode = FALSE
	EndGlobalSection
	GlobalSection(ExtensibilityGlobals) = postSolution
		SolutionGuid = {705E7FFA-6918-4796-B3A1-532467E64116}
	EndGlobalSection
EndGlobal
